
Microsoft Visual Studio Solution File, Format Version 12.00
# Visual Studio Version 16
VisualStudioVersion = 16.0.29020.237
MinimumVisualStudioVersion = 10.0.40219.1
Project("{9A19103F-16F7-4668-BE54-9A1E7A4F7556}") = "SheetMusic.Api", "SheetMusic.Api\SheetMusic.Api.csproj", "{92BEC895-B284-42E8-A15D-82694CC9645C}"
EndProject
Project("{9A19103F-16F7-4668-BE54-9A1E7A4F7556}") = "SheetMusic.ImportCli", "SheetMusic.ImportCli\SheetMusic.ImportCli.csproj", "{F4B153BA-AD90-412F-8EDC-6077507EDC42}"
EndProject
Project("{9A19103F-16F7-4668-BE54-9A1E7A4F7556}") = "SheetMusic.Api.Test", "SheetMusic.Api.Test\SheetMusic.Api.Test.csproj", "{4C5123AE-9C83-41B9-BA78-36F6CA4B7FC9}"
EndProject
Project("{FAE04EC0-301F-11D3-BF4B-00C04F79EFBC}") = "SheetMusic.AppHost", "SheetMusic.AppHost\SheetMusic.AppHost.csproj", "{9754027D-1E25-4893-87A0-B5BC0BEA2C20}"
EndProject
Project("{FAE04EC0-301F-11D3-BF4B-00C04F79EFBC}") = "SheetMusic.ServiceDefaults", "SheetMusic.ServiceDefaults\SheetMusic.ServiceDefaults.csproj", "{8C99CC28-EFD3-4EB1-8239-99B058FE4756}"
EndProject
Global
	GlobalSection(SolutionConfigurationPlatforms) = preSolution
		Debug|Any CPU = Debug|Any CPU
		Debug|x64 = Debug|x64
		Debug|x86 = Debug|x86
		Release|Any CPU = Release|Any CPU
		Release|x64 = Release|x64
		Release|x86 = Release|x86
	EndGlobalSection
	GlobalSection(ProjectConfigurationPlatforms) = postSolution
		{92BEC895-B284-42E8-A15D-82694CC9645C}.Debug|Any CPU.ActiveCfg = Debug|Any CPU
		{92BEC895-B284-42E8-A15D-82694CC9645C}.Debug|Any CPU.Build.0 = Debug|Any CPU
		{92BEC895-B284-42E8-A15D-82694CC9645C}.Debug|x64.ActiveCfg = Debug|Any CPU
		{92BEC895-B284-42E8-A15D-82694CC9645C}.Debug|x64.Build.0 = Debug|Any CPU
		{92BEC895-B284-42E8-A15D-82694CC9645C}.Debug|x86.ActiveCfg = Debug|Any CPU
		{92BEC895-B284-42E8-A15D-82694CC9645C}.Debug|x86.Build.0 = Debug|Any CPU
		{92BEC895-B284-42E8-A15D-82694CC9645C}.Release|Any CPU.ActiveCfg = Release|Any CPU
		{92BEC895-B284-42E8-A15D-82694CC9645C}.Release|Any CPU.Build.0 = Release|Any CPU
		{92BEC895-B284-42E8-A15D-82694CC9645C}.Release|x64.ActiveCfg = Release|Any CPU
		{92BEC895-B284-42E8-A15D-82694CC9645C}.Release|x64.Build.0 = Release|Any CPU
		{92BEC895-B284-42E8-A15D-82694CC9645C}.Release|x86.ActiveCfg = Release|Any CPU
		{92BEC895-B284-42E8-A15D-82694CC9645C}.Release|x86.Build.0 = Release|Any CPU
		{F4B153BA-AD90-412F-8EDC-6077507EDC42}.Debug|Any CPU.ActiveCfg = Debug|Any CPU
		{F4B153BA-AD90-412F-8EDC-6077507EDC42}.Debug|Any CPU.Build.0 = Debug|Any CPU
		{F4B153BA-AD90-412F-8EDC-6077507EDC42}.Debug|x64.ActiveCfg = Debug|Any CPU
		{F4B153BA-AD90-412F-8EDC-6077507EDC42}.Debug|x64.Build.0 = Debug|Any CPU
		{F4B153BA-AD90-412F-8EDC-6077507EDC42}.Debug|x86.ActiveCfg = Debug|Any CPU
		{F4B153BA-AD90-412F-8EDC-6077507EDC42}.Debug|x86.Build.0 = Debug|Any CPU
		{F4B153BA-AD90-412F-8EDC-6077507EDC42}.Release|Any CPU.ActiveCfg = Release|Any CPU
		{F4B153BA-AD90-412F-8EDC-6077507EDC42}.Release|Any CPU.Build.0 = Release|Any CPU
		{F4B153BA-AD90-412F-8EDC-6077507EDC42}.Release|x64.ActiveCfg = Release|Any CPU
		{F4B153BA-AD90-412F-8EDC-6077507EDC42}.Release|x64.Build.0 = Release|Any CPU
		{F4B153BA-AD90-412F-8EDC-6077507EDC42}.Release|x86.ActiveCfg = Release|Any CPU
		{F4B153BA-AD90-412F-8EDC-6077507EDC42}.Release|x86.Build.0 = Release|Any CPU
		{4C5123AE-9C83-41B9-BA78-36F6CA4B7FC9}.Debug|Any CPU.ActiveCfg = Debug|Any CPU
		{4C5123AE-9C83-41B9-BA78-36F6CA4B7FC9}.Debug|Any CPU.Build.0 = Debug|Any CPU
		{4C5123AE-9C83-41B9-BA78-36F6CA4B7FC9}.Debug|x64.ActiveCfg = Debug|Any CPU
		{4C5123AE-9C83-41B9-BA78-36F6CA4B7FC9}.Debug|x64.Build.0 = Debug|Any CPU
		{4C5123AE-9C83-41B9-BA78-36F6CA4B7FC9}.Debug|x86.ActiveCfg = Debug|Any CPU
		{4C5123AE-9C83-41B9-BA78-36F6CA4B7FC9}.Debug|x86.Build.0 = Debug|Any CPU
		{4C5123AE-9C83-41B9-BA78-36F6CA4B7FC9}.Release|Any CPU.ActiveCfg = Release|Any CPU
		{4C5123AE-9C83-41B9-BA78-36F6CA4B7FC9}.Release|Any CPU.Build.0 = Release|Any CPU
		{4C5123AE-9C83-41B9-BA78-36F6CA4B7FC9}.Release|x64.ActiveCfg = Release|Any CPU
		{4C5123AE-9C83-41B9-BA78-36F6CA4B7FC9}.Release|x64.Build.0 = Release|Any CPU
		{4C5123AE-9C83-41B9-BA78-36F6CA4B7FC9}.Release|x86.ActiveCfg = Release|Any CPU
		{4C5123AE-9C83-41B9-BA78-36F6CA4B7FC9}.Release|x86.Build.0 = Release|Any CPU
		{9754027D-1E25-4893-87A0-B5BC0BEA2C20}.Debug|Any CPU.ActiveCfg = Debug|Any CPU
		{9754027D-1E25-4893-87A0-B5BC0BEA2C20}.Debug|Any CPU.Build.0 = Debug|Any CPU
		{9754027D-1E25-4893-87A0-B5BC0BEA2C20}.Debug|x64.ActiveCfg = Debug|Any CPU
		{9754027D-1E25-4893-87A0-B5BC0BEA2C20}.Debug|x64.Build.0 = Debug|Any CPU
		{9754027D-1E25-4893-87A0-B5BC0BEA2C20}.Debug|x86.ActiveCfg = Debug|Any CPU
		{9754027D-1E25-4893-87A0-B5BC0BEA2C20}.Debug|x86.Build.0 = Debug|Any CPU
		{9754027D-1E25-4893-87A0-B5BC0BEA2C20}.Release|Any CPU.ActiveCfg = Release|Any CPU
		{9754027D-1E25-4893-87A0-B5BC0BEA2C20}.Release|Any CPU.Build.0 = Release|Any CPU
		{9754027D-1E25-4893-87A0-B5BC0BEA2C20}.Release|x64.ActiveCfg = Release|Any CPU
		{9754027D-1E25-4893-87A0-B5BC0BEA2C20}.Release|x64.Build.0 = Release|Any CPU
		{9754027D-1E25-4893-87A0-B5BC0BEA2C20}.Release|x86.ActiveCfg = Release|Any CPU
		{9754027D-1E25-4893-87A0-B5BC0BEA2C20}.Release|x86.Build.0 = Release|Any CPU
		{8C99CC28-EFD3-4EB1-8239-99B058FE4756}.Debug|Any CPU.ActiveCfg = Debug|Any CPU
		{8C99CC28-EFD3-4EB1-8239-99B058FE4756}.Debug|Any CPU.Build.0 = Debug|Any CPU
		{8C99CC28-EFD3-4EB1-8239-99B058FE4756}.Debug|x64.ActiveCfg = Debug|Any CPU
		{8C99CC28-EFD3-4EB1-8239-99B058FE4756}.Debug|x64.Build.0 = Debug|Any CPU
		{8C99CC28-EFD3-4EB1-8239-99B058FE4756}.Debug|x86.ActiveCfg = Debug|Any CPU
		{8C99CC28-EFD3-4EB1-8239-99B058FE4756}.Debug|x86.Build.0 = Debug|Any CPU
		{8C99CC28-EFD3-4EB1-8239-99B058FE4756}.Release|Any CPU.ActiveCfg = Release|Any CPU
		{8C99CC28-EFD3-4EB1-8239-99B058FE4756}.Release|Any CPU.Build.0 = Release|Any CPU
		{8C99CC28-EFD3-4EB1-8239-99B058FE4756}.Release|x64.ActiveCfg = Release|Any CPU
		{8C99CC28-EFD3-4EB1-8239-99B058FE4756}.Release|x64.Build.0 = Release|Any CPU
		{8C99CC28-EFD3-4EB1-8239-99B058FE4756}.Release|x86.ActiveCfg = Release|Any CPU
		{8C99CC28-EFD3-4EB1-8239-99B058FE4756}.Release|x86.Build.0 = Release|Any CPU
	EndGlobalSection
	GlobalSection(SolutionProperties) = preSolution
		HideSolutionNode = FALSE
	EndGlobalSection
	GlobalSection(ExtensibilityGlobals) = postSolution
		SolutionGuid = {0620DD08-4171-4910-9AA9-350C1A7982C6}
	EndGlobalSection
EndGlobal
